
Microsoft Visual Studio Solution File, Format Version 12.00
# Visual Studio Version 17
VisualStudioVersion = 17.11.35327.3
MinimumVisualStudioVersion = 10.0.40219.1
Project("{9A19103F-16F7-4668-BE54-9A1E7A4F7556}") = "ASAssignment1", "ASAssignment1.csproj", "{420950B3-8DCF-4D85-B8A0-84C2C91EEAB7}"
EndProject
Global
	GlobalSection(SolutionConfigurationPlatforms) = preSolution
		Debug|Any CPU = Debug|Any CPU
		Release|Any CPU = Release|Any CPU
	EndGlobalSection
	GlobalSection(ProjectConfigurationPlatforms) = postSolution
		{420950B3-8DCF-4D85-B8A0-84C2C91EEAB7}.Debug|Any CPU.ActiveCfg = Debug|Any CPU
		{420950B3-8DCF-4D85-B8A0-84C2C91EEAB7}.Debug|Any CPU.Build.0 = Debug|Any CPU
		{420950B3-8DCF-4D85-B8A0-84C2C91EEAB7}.Release|Any CPU.ActiveCfg = Release|Any CPU
		{420950B3-8DCF-4D85-B8A0-84C2C91EEAB7}.Release|Any CPU.Build.0 = Release|Any CPU
	EndGlobalSection
	GlobalSection(SolutionProperties) = preSolution
		HideSolutionNode = FALSE
	EndGlobalSection
	GlobalSection(ExtensibilityGlobals) = postSolution
		SolutionGuid = {DE4F94F9-9D4B-4243-BF68-5F819DC44FC5}
	EndGlobalSection
EndGlobal
